
Microsoft Visual Studio Solution File, Format Version 12.00
# Visual Studio Version 17
VisualStudioVersion = 17.10.35122.118
MinimumVisualStudioVersion = 10.0.40219.1
Project("{8BC9CEB8-8B4A-11D0-8D11-00A0C91BC942}") = "tarea11c", "tarea11c.vcxproj", "{009F2FE4-1232-401B-BEEB-97D9A1841545}"
EndProject
Global
	GlobalSection(SolutionConfigurationPlatforms) = preSolution
		Debug|x64 = Debug|x64
		Debug|x86 = Debug|x86
		Release|x64 = Release|x64
		Release|x86 = Release|x86
	EndGlobalSection
	GlobalSection(ProjectConfigurationPlatforms) = postSolution
		{009F2FE4-1232-401B-BEEB-97D9A1841545}.Debug|x64.ActiveCfg = Debug|x64
		{009F2FE4-1232-401B-BEEB-97D9A1841545}.Debug|x64.Build.0 = Debug|x64
		{009F2FE4-1232-401B-BEEB-97D9A1841545}.Debug|x86.ActiveCfg = Debug|Win32
		{009F2FE4-1232-401B-BEEB-97D9A1841545}.Debug|x86.Build.0 = Debug|Win32
		{009F2FE4-1232-401B-BEEB-97D9A1841545}.Release|x64.ActiveCfg = Release|x64
		{009F2FE4-1232-401B-BEEB-97D9A1841545}.Release|x64.Build.0 = Release|x64
		{009F2FE4-1232-401B-BEEB-97D9A1841545}.Release|x86.ActiveCfg = Release|Win32
		{009F2FE4-1232-401B-BEEB-97D9A1841545}.Release|x86.Build.0 = Release|Win32
	EndGlobalSection
	GlobalSection(SolutionProperties) = preSolution
		HideSolutionNode = FALSE
	EndGlobalSection
	GlobalSection(ExtensibilityGlobals) = postSolution
		SolutionGuid = {FB3CE3EF-2BE6-4C8C-8F35-1A2348B7D63A}
	EndGlobalSection
EndGlobal
